// !$*UTF8*$!
{
	archiveVersion = 1;
	classes = {
	};
	objectVersion = 46;
	objects = {

/* Begin PBXBuildFile section */
		F515D25418CA81D60094794A /* Main_iPad.storyboard in Resources */ = {isa = PBXBuildFile; fileRef = F515D25018CA81D60094794A /* Main_iPad.storyboard */; };
		F515D25518CA81D60094794A /* Main_iPhone.storyboard in Resources */ = {isa = PBXBuildFile; fileRef = F515D25218CA81D60094794A /* Main_iPhone.storyboard */; };
		F54ADE7B18C992D30020A098 /* NSAttributedString+FitToFrame.m in Sources */ = {isa = PBXBuildFile; fileRef = F54ADE7818C992D30020A098 /* NSAttributedString+FitToFrame.m */; };
		F54ADE7C18C992D30020A098 /* CALayer+CircularProgressView.m in Sources */ = {isa = PBXBuildFile; fileRef = F54ADE7A18C992D30020A098 /* CALayer+CircularProgressView.m */; };
		F54ADE8818C993830020A098 /* AppDelegate.m in Sources */ = {isa = PBXBuildFile; fileRef = F54ADE8718C993830020A098 /* AppDelegate.m */; };
		F54ADE8B18C993980020A098 /* ViewController.m in Sources */ = {isa = PBXBuildFile; fileRef = F54ADE8A18C993980020A098 /* ViewController.m */; };
		F54ADE8F18C993AD0020A098 /* main.m in Sources */ = {isa = PBXBuildFile; fileRef = F54ADE8C18C993AD0020A098 /* main.m */; };
		F54ADE9318C993E10020A098 /* InfoPlist.strings in Resources */ = {isa = PBXBuildFile; fileRef = F54ADE9118C993E10020A098 /* InfoPlist.strings */; };
		F54ADE9B18C994120020A098 /* Images.xcassets in Resources */ = {isa = PBXBuildFile; fileRef = F54ADE9A18C994120020A098 /* Images.xcassets */; };
		F596E62018A80D5B00EB2555 /* Foundation.framework in Frameworks */ = {isa = PBXBuildFile; fileRef = F596E61F18A80D5B00EB2555 /* Foundation.framework */; };
		F596E62218A80D5B00EB2555 /* CoreGraphics.framework in Frameworks */ = {isa = PBXBuildFile; fileRef = F596E62118A80D5B00EB2555 /* CoreGraphics.framework */; };
		F596E62418A80D5B00EB2555 /* UIKit.framework in Frameworks */ = {isa = PBXBuildFile; fileRef = F596E62318A80D5B00EB2555 /* UIKit.framework */; };
		F5AAEF6B18CF81F8000CF6F8 /* ManageableVolumeView.m in Sources */ = {isa = PBXBuildFile; fileRef = F5AAEF6A18CF81F8000CF6F8 /* ManageableVolumeView.m */; };
		F5AAEF6D18CF829E000CF6F8 /* MediaPlayer.framework in Frameworks */ = {isa = PBXBuildFile; fileRef = F5AAEF6C18CF829E000CF6F8 /* MediaPlayer.framework */; };
		F5AFC8EA18BE8DAB00438CD1 /* CoreText.framework in Frameworks */ = {isa = PBXBuildFile; fileRef = F5AFC8E918BE8DAB00438CD1 /* CoreText.framework */; };
		F5B2D07018D21F0F000F5311 /* CircularProgressView.m in Sources */ = {isa = PBXBuildFile; fileRef = F5B2D06F18D21F0F000F5311 /* CircularProgressView.m */; };
		F5B2D07318D221BA000F5311 /* DecoratedUISlider.m in Sources */ = {isa = PBXBuildFile; fileRef = F5B2D07218D221BA000F5311 /* DecoratedUISlider.m */; };
/* End PBXBuildFile section */

/* Begin PBXFileReference section */
		F515D25118CA81D60094794A /* Base */ = {isa = PBXFileReference; lastKnownFileType = file.storyboard; name = Base; path = Test/Base.lproj/Main_iPad.storyboard; sourceTree = "<group>"; };
		F515D25318CA81D60094794A /* Base */ = {isa = PBXFileReference; lastKnownFileType = file.storyboard; name = Base; path = Test/Base.lproj/Main_iPhone.storyboard; sourceTree = "<group>"; };
		F54ADE7718C992D30020A098 /* NSAttributedString+FitToFrame.h */ = {isa = PBXFileReference; fileEncoding = 4; lastKnownFileType = sourcecode.c.h; name = "NSAttributedString+FitToFrame.h"; path = "Categories/NSAttributedString+FitToFrame.h"; sourceTree = "<group>"; };
		F54ADE7818C992D30020A098 /* NSAttributedString+FitToFrame.m */ = {isa = PBXFileReference; fileEncoding = 4; lastKnownFileType = sourcecode.c.objc; name = "NSAttributedString+FitToFrame.m"; path = "Categories/NSAttributedString+FitToFrame.m"; sourceTree = "<group>"; };
		F54ADE7918C992D30020A098 /* CALayer+CircularProgressView.h */ = {isa = PBXFileReference; fileEncoding = 4; lastKnownFileType = sourcecode.c.h; name = "CALayer+CircularProgressView.h"; path = "Categories/CALayer+CircularProgressView.h"; sourceTree = "<group>"; };
		F54ADE7A18C992D30020A098 /* CALayer+CircularProgressView.m */ = {isa = PBXFileReference; fileEncoding = 4; lastKnownFileType = sourcecode.c.objc; name = "CALayer+CircularProgressView.m"; path = "Categories/CALayer+CircularProgressView.m"; sourceTree = "<group>"; };
		F54ADE8618C993830020A098 /* AppDelegate.h */ = {isa = PBXFileReference; fileEncoding = 4; lastKnownFileType = sourcecode.c.h; name = AppDelegate.h; path = Test/AppDelegate.h; sourceTree = SOURCE_ROOT; };
		F54ADE8718C993830020A098 /* AppDelegate.m */ = {isa = PBXFileReference; fileEncoding = 4; lastKnownFileType = sourcecode.c.objc; name = AppDelegate.m; path = Test/AppDelegate.m; sourceTree = SOURCE_ROOT; };
		F54ADE8918C993980020A098 /* ViewController.h */ = {isa = PBXFileReference; fileEncoding = 4; lastKnownFileType = sourcecode.c.h; name = ViewController.h; path = Test/ViewController.h; sourceTree = SOURCE_ROOT; };
		F54ADE8A18C993980020A098 /* ViewController.m */ = {isa = PBXFileReference; fileEncoding = 4; lastKnownFileType = sourcecode.c.objc; name = ViewController.m; path = Test/ViewController.m; sourceTree = SOURCE_ROOT; };
		F54ADE8C18C993AD0020A098 /* main.m */ = {isa = PBXFileReference; fileEncoding = 4; lastKnownFileType = sourcecode.c.objc; name = main.m; path = Test/main.m; sourceTree = SOURCE_ROOT; };
		F54ADE8D18C993AD0020A098 /* CircularProgressViewTest-Info.plist */ = {isa = PBXFileReference; fileEncoding = 4; lastKnownFileType = text.plist.xml; name = "CircularProgressViewTest-Info.plist"; path = "Test/CircularProgressViewTest-Info.plist"; sourceTree = SOURCE_ROOT; };
		F54ADE8E18C993AD0020A098 /* CircularProgressViewTest-Prefix.pch */ = {isa = PBXFileReference; fileEncoding = 4; lastKnownFileType = sourcecode.c.h; name = "CircularProgressViewTest-Prefix.pch"; path = "Test/CircularProgressViewTest-Prefix.pch"; sourceTree = SOURCE_ROOT; };
		F54ADE9218C993E10020A098 /* en */ = {isa = PBXFileReference; lastKnownFileType = text.plist.strings; name = en; path = Test/en.lproj/InfoPlist.strings; sourceTree = SOURCE_ROOT; };
		F54ADE9A18C994120020A098 /* Images.xcassets */ = {isa = PBXFileReference; lastKnownFileType = folder.assetcatalog; name = Images.xcassets; path = Test/Images.xcassets; sourceTree = SOURCE_ROOT; };
		F596E61C18A80D5B00EB2555 /* CircularProgressViewTest.app */ = {isa = PBXFileReference; explicitFileType = wrapper.application; includeInIndex = 0; path = CircularProgressViewTest.app; sourceTree = BUILT_PRODUCTS_DIR; };
		F596E61F18A80D5B00EB2555 /* Foundation.framework */ = {isa = PBXFileReference; lastKnownFileType = wrapper.framework; name = Foundation.framework; path = System/Library/Frameworks/Foundation.framework; sourceTree = SDKROOT; };
		F596E62118A80D5B00EB2555 /* CoreGraphics.framework */ = {isa = PBXFileReference; lastKnownFileType = wrapper.framework; name = CoreGraphics.framework; path = System/Library/Frameworks/CoreGraphics.framework; sourceTree = SDKROOT; };
		F596E62318A80D5B00EB2555 /* UIKit.framework */ = {isa = PBXFileReference; lastKnownFileType = wrapper.framework; name = UIKit.framework; path = System/Library/Frameworks/UIKit.framework; sourceTree = SDKROOT; };
		F5AAEF6918CF81F8000CF6F8 /* ManageableVolumeView.h */ = {isa = PBXFileReference; fileEncoding = 4; lastKnownFileType = sourcecode.c.h; name = ManageableVolumeView.h; path = Subclasses/ManageableVolumeView.h; sourceTree = "<group>"; };
		F5AAEF6A18CF81F8000CF6F8 /* ManageableVolumeView.m */ = {isa = PBXFileReference; fileEncoding = 4; lastKnownFileType = sourcecode.c.objc; name = ManageableVolumeView.m; path = Subclasses/ManageableVolumeView.m; sourceTree = "<group>"; };
		F5AAEF6C18CF829E000CF6F8 /* MediaPlayer.framework */ = {isa = PBXFileReference; lastKnownFileType = wrapper.framework; name = MediaPlayer.framework; path = System/Library/Frameworks/MediaPlayer.framework; sourceTree = SDKROOT; };
		F5AFC8E918BE8DAB00438CD1 /* CoreText.framework */ = {isa = PBXFileReference; lastKnownFileType = wrapper.framework; name = CoreText.framework; path = System/Library/Frameworks/CoreText.framework; sourceTree = SDKROOT; };
		F5B2D06E18D21F0F000F5311 /* CircularProgressView.h */ = {isa = PBXFileReference; fileEncoding = 4; lastKnownFileType = sourcecode.c.h; name = CircularProgressView.h; path = Subclasses/CircularProgressView.h; sourceTree = "<group>"; };
		F5B2D06F18D21F0F000F5311 /* CircularProgressView.m */ = {isa = PBXFileReference; fileEncoding = 4; lastKnownFileType = sourcecode.c.objc; name = CircularProgressView.m; path = Subclasses/CircularProgressView.m; sourceTree = "<group>"; };
		F5B2D07118D221BA000F5311 /* DecoratedUISlider.h */ = {isa = PBXFileReference; fileEncoding = 4; lastKnownFileType = sourcecode.c.h; name = DecoratedUISlider.h; path = Subclasses/DecoratedUISlider.h; sourceTree = "<group>"; };
		F5B2D07218D221BA000F5311 /* DecoratedUISlider.m */ = {isa = PBXFileReference; fileEncoding = 4; lastKnownFileType = sourcecode.c.objc; name = DecoratedUISlider.m; path = Subclasses/DecoratedUISlider.m; sourceTree = "<group>"; };
		F5FF9B8918A8DD58007B21AC /* QuartzCore.framework */ = {isa = PBXFileReference; lastKnownFileType = wrapper.framework; name = QuartzCore.framework; path = System/Library/Frameworks/QuartzCore.framework; sourceTree = SDKROOT; };
/* End PBXFileReference section */

/* Begin PBXFrameworksBuildPhase section */
		F596E61918A80D5B00EB2555 /* Frameworks */ = {
			isa = PBXFrameworksBuildPhase;
			buildActionMask = 2147483647;
			files = (
				F5AAEF6D18CF829E000CF6F8 /* MediaPlayer.framework in Frameworks */,
				F5AFC8EA18BE8DAB00438CD1 /* CoreText.framework in Frameworks */,
				F596E62218A80D5B00EB2555 /* CoreGraphics.framework in Frameworks */,
				F596E62418A80D5B00EB2555 /* UIKit.framework in Frameworks */,
				F596E62018A80D5B00EB2555 /* Foundation.framework in Frameworks */,
			);
			runOnlyForDeploymentPostprocessing = 0;
		};
/* End PBXFrameworksBuildPhase section */

/* Begin PBXGroup section */
		F596E61318A80D5B00EB2555 = {
			isa = PBXGroup;
			children = (
				F5AAEF6818CF8183000CF6F8 /* Subclasses */,
				F515D25018CA81D60094794A /* Main_iPad.storyboard */,
				F515D25218CA81D60094794A /* Main_iPhone.storyboard */,
				F5AE887618AAAD85007BF553 /* Categories */,
				F596E62518A80D5B00EB2555 /* Test */,
				F596E61E18A80D5B00EB2555 /* Frameworks */,
				F596E61D18A80D5B00EB2555 /* Products */,
			);
			sourceTree = "<group>";
		};
		F596E61D18A80D5B00EB2555 /* Products */ = {
			isa = PBXGroup;
			children = (
				F596E61C18A80D5B00EB2555 /* CircularProgressViewTest.app */,
			);
			name = Products;
			sourceTree = "<group>";
		};
		F596E61E18A80D5B00EB2555 /* Frameworks */ = {
			isa = PBXGroup;
			children = (
				F5AAEF6C18CF829E000CF6F8 /* MediaPlayer.framework */,
				F5AFC8E918BE8DAB00438CD1 /* CoreText.framework */,
				F5FF9B8918A8DD58007B21AC /* QuartzCore.framework */,
				F596E61F18A80D5B00EB2555 /* Foundation.framework */,
				F596E62118A80D5B00EB2555 /* CoreGraphics.framework */,
				F596E62318A80D5B00EB2555 /* UIKit.framework */,
			);
			name = Frameworks;
			sourceTree = "<group>";
		};
		F596E62518A80D5B00EB2555 /* Test */ = {
			isa = PBXGroup;
			children = (
				F54ADE8918C993980020A098 /* ViewController.h */,
				F54ADE8A18C993980020A098 /* ViewController.m */,
				F54ADE8618C993830020A098 /* AppDelegate.h */,
				F54ADE8718C993830020A098 /* AppDelegate.m */,
				F54ADE9A18C994120020A098 /* Images.xcassets */,
				F596E62618A80D5B00EB2555 /* Supporting Files */,
			);
			name = Test;
			path = "Vladimir's Test";
			sourceTree = "<group>";
		};
		F596E62618A80D5B00EB2555 /* Supporting Files */ = {
			isa = PBXGroup;
			children = (
				F54ADE9118C993E10020A098 /* InfoPlist.strings */,
				F54ADE8C18C993AD0020A098 /* main.m */,
				F54ADE8D18C993AD0020A098 /* CircularProgressViewTest-Info.plist */,
				F54ADE8E18C993AD0020A098 /* CircularProgressViewTest-Prefix.pch */,
			);
			name = "Supporting Files";
			sourceTree = "<group>";
		};
		F5AAEF6818CF8183000CF6F8 /* Subclasses */ = {
			isa = PBXGroup;
			children = (
				F5AAEF6918CF81F8000CF6F8 /* ManageableVolumeView.h */,
				F5AAEF6A18CF81F8000CF6F8 /* ManageableVolumeView.m */,
				F5B2D06E18D21F0F000F5311 /* CircularProgressView.h */,
				F5B2D06F18D21F0F000F5311 /* CircularProgressView.m */,
				F5B2D07118D221BA000F5311 /* DecoratedUISlider.h */,
				F5B2D07218D221BA000F5311 /* DecoratedUISlider.m */,
			);
			name = Subclasses;
			sourceTree = "<group>";
		};
		F5AE887618AAAD85007BF553 /* Categories */ = {
			isa = PBXGroup;
			children = (
				F54ADE7718C992D30020A098 /* NSAttributedString+FitToFrame.h */,
				F54ADE7818C992D30020A098 /* NSAttributedString+FitToFrame.m */,
				F54ADE7918C992D30020A098 /* CALayer+CircularProgressView.h */,
				F54ADE7A18C992D30020A098 /* CALayer+CircularProgressView.m */,
			);
			name = Categories;
			sourceTree = "<group>";
		};
/* End PBXGroup section */

/* Begin PBXNativeTarget section */
		F596E61B18A80D5B00EB2555 /* CircularProgressViewTest */ = {
			isa = PBXNativeTarget;
			buildConfigurationList = F596E65118A80D5B00EB2555 /* Build configuration list for PBXNativeTarget "CircularProgressViewTest" */;
			buildPhases = (
				F596E61818A80D5B00EB2555 /* Sources */,
				F596E61918A80D5B00EB2555 /* Frameworks */,
				F596E61A18A80D5B00EB2555 /* Resources */,
			);
			buildRules = (
			);
			dependencies = (
			);
			name = CircularProgressViewTest;
			productName = "Vladimir's Test";
			productReference = F596E61C18A80D5B00EB2555 /* CircularProgressViewTest.app */;
			productType = "com.apple.product-type.application";
		};
/* End PBXNativeTarget section */

/* Begin PBXProject section */
		F596E61418A80D5B00EB2555 /* Project object */ = {
			isa = PBXProject;
			attributes = {
				LastUpgradeCheck = 0510;
				ORGANIZATIONNAME = Vladimir;
				TargetAttributes = {
					F596E61B18A80D5B00EB2555 = {
						DevelopmentTeam = 2QW2YX6AK7;
					};
				};
			};
			buildConfigurationList = F596E61718A80D5B00EB2555 /* Build configuration list for PBXProject "CircularProgressViewTest" */;
			compatibilityVersion = "Xcode 3.2";
			developmentRegion = English;
			hasScannedForEncodings = 0;
			knownRegions = (
				en,
				Base,
			);
			mainGroup = F596E61318A80D5B00EB2555;
			productRefGroup = F596E61D18A80D5B00EB2555 /* Products */;
			projectDirPath = "";
			projectRoot = "";
			targets = (
				F596E61B18A80D5B00EB2555 /* CircularProgressViewTest */,
			);
		};
/* End PBXProject section */

/* Begin PBXResourcesBuildPhase section */
		F596E61A18A80D5B00EB2555 /* Resources */ = {
			isa = PBXResourcesBuildPhase;
			buildActionMask = 2147483647;
			files = (
				F515D25418CA81D60094794A /* Main_iPad.storyboard in Resources */,
				F515D25518CA81D60094794A /* Main_iPhone.storyboard in Resources */,
				F54ADE9318C993E10020A098 /* InfoPlist.strings in Resources */,
				F54ADE9B18C994120020A098 /* Images.xcassets in Resources */,
			);
			runOnlyForDeploymentPostprocessing = 0;
		};
/* End PBXResourcesBuildPhase section */

/* Begin PBXSourcesBuildPhase section */
		F596E61818A80D5B00EB2555 /* Sources */ = {
			isa = PBXSourcesBuildPhase;
			buildActionMask = 2147483647;
			files = (
				F54ADE8B18C993980020A098 /* ViewController.m in Sources */,
				F54ADE7C18C992D30020A098 /* CALayer+CircularProgressView.m in Sources */,
				F5B2D07318D221BA000F5311 /* DecoratedUISlider.m in Sources */,
				F54ADE7B18C992D30020A098 /* NSAttributedString+FitToFrame.m in Sources */,
				F54ADE8F18C993AD0020A098 /* main.m in Sources */,
				F54ADE8818C993830020A098 /* AppDelegate.m in Sources */,
				F5B2D07018D21F0F000F5311 /* CircularProgressView.m in Sources */,
				F5AAEF6B18CF81F8000CF6F8 /* ManageableVolumeView.m in Sources */,
			);
			runOnlyForDeploymentPostprocessing = 0;
		};
/* End PBXSourcesBuildPhase section */

/* Begin PBXVariantGroup section */
		F515D25018CA81D60094794A /* Main_iPad.storyboard */ = {
			isa = PBXVariantGroup;
			children = (
				F515D25118CA81D60094794A /* Base */,
			);
			name = Main_iPad.storyboard;
			sourceTree = "<group>";
		};
		F515D25218CA81D60094794A /* Main_iPhone.storyboard */ = {
			isa = PBXVariantGroup;
			children = (
				F515D25318CA81D60094794A /* Base */,
			);
			name = Main_iPhone.storyboard;
			sourceTree = "<group>";
		};
		F54ADE9118C993E10020A098 /* InfoPlist.strings */ = {
			isa = PBXVariantGroup;
			children = (
				F54ADE9218C993E10020A098 /* en */,
			);
			name = InfoPlist.strings;
			sourceTree = "<group>";
		};
/* End PBXVariantGroup section */

/* Begin XCBuildConfiguration section */
		F596E64F18A80D5B00EB2555 /* Debug */ = {
			isa = XCBuildConfiguration;
			buildSettings = {
				ALWAYS_SEARCH_USER_PATHS = NO;
				CLANG_CXX_LANGUAGE_STANDARD = "gnu++0x";
				CLANG_CXX_LIBRARY = "libc++";
				CLANG_ENABLE_MODULES = YES;
				CLANG_ENABLE_OBJC_ARC = YES;
				CLANG_WARN_BOOL_CONVERSION = YES;
				CLANG_WARN_CONSTANT_CONVERSION = YES;
				CLANG_WARN_DIRECT_OBJC_ISA_USAGE = YES_ERROR;
				CLANG_WARN_EMPTY_BODY = YES;
				CLANG_WARN_ENUM_CONVERSION = YES;
				CLANG_WARN_INT_CONVERSION = YES;
				CLANG_WARN_OBJC_ROOT_CLASS = YES_ERROR;
				CLANG_WARN__DUPLICATE_METHOD_MATCH = YES;
				"CODE_SIGN_IDENTITY[sdk=iphoneos*]" = "iPhone Developer";
				COPY_PHASE_STRIP = NO;
				GCC_C_LANGUAGE_STANDARD = gnu99;
				GCC_DYNAMIC_NO_PIC = NO;
				GCC_OPTIMIZATION_LEVEL = 0;
				GCC_PREPROCESSOR_DEFINITIONS = (
					"DEBUG=1",
					"$(inherited)",
				);
				GCC_SYMBOLS_PRIVATE_EXTERN = NO;
				GCC_WARN_64_TO_32_BIT_CONVERSION = YES;
				GCC_WARN_ABOUT_RETURN_TYPE = YES_ERROR;
				GCC_WARN_UNDECLARED_SELECTOR = YES;
				GCC_WARN_UNINITIALIZED_AUTOS = YES;
				GCC_WARN_UNUSED_FUNCTION = YES;
				GCC_WARN_UNUSED_VARIABLE = YES;
				IPHONEOS_DEPLOYMENT_TARGET = 7.1;
				ONLY_ACTIVE_ARCH = YES;
				SDKROOT = iphoneos;
				TARGETED_DEVICE_FAMILY = "1,2";
			};
			name = Debug;
		};
		F596E65018A80D5B00EB2555 /* Release */ = {
			isa = XCBuildConfiguration;
			buildSettings = {
				ALWAYS_SEARCH_USER_PATHS = NO;
				CLANG_CXX_LANGUAGE_STANDARD = "gnu++0x";
				CLANG_CXX_LIBRARY = "libc++";
				CLANG_ENABLE_MODULES = YES;
				CLANG_ENABLE_OBJC_ARC = YES;
				CLANG_WARN_BOOL_CONVERSION = YES;
				CLANG_WARN_CONSTANT_CONVERSION = YES;
				CLANG_WARN_DIRECT_OBJC_ISA_USAGE = YES_ERROR;
				CLANG_WARN_EMPTY_BODY = YES;
				CLANG_WARN_ENUM_CONVERSION = YES;
				CLANG_WARN_INT_CONVERSION = YES;
				CLANG_WARN_OBJC_ROOT_CLASS = YES_ERROR;
				CLANG_WARN__DUPLICATE_METHOD_MATCH = YES;
				"CODE_SIGN_IDENTITY[sdk=iphoneos*]" = "iPhone Developer";
				COPY_PHASE_STRIP = YES;
				ENABLE_NS_ASSERTIONS = NO;
				GCC_C_LANGUAGE_STANDARD = gnu99;
				GCC_WARN_64_TO_32_BIT_CONVERSION = YES;
				GCC_WARN_ABOUT_RETURN_TYPE = YES_ERROR;
				GCC_WARN_UNDECLARED_SELECTOR = YES;
				GCC_WARN_UNINITIALIZED_AUTOS = YES;
				GCC_WARN_UNUSED_FUNCTION = YES;
				GCC_WARN_UNUSED_VARIABLE = YES;
				IPHONEOS_DEPLOYMENT_TARGET = 7.1;
				SDKROOT = iphoneos;
				TARGETED_DEVICE_FAMILY = "1,2";
				VALIDATE_PRODUCT = YES;
			};
			name = Release;
		};
		F596E65218A80D5B00EB2555 /* Debug */ = {
			isa = XCBuildConfiguration;
			buildSettings = {
				ASSETCATALOG_COMPILER_APPICON_NAME = AppIcon;
				ASSETCATALOG_COMPILER_LAUNCHIMAGE_NAME = LaunchImage;
				CODE_SIGN_IDENTITY = "iPhone Developer";
				"CODE_SIGN_IDENTITY[sdk=iphoneos*]" = "iPhone Developer";
				GCC_PRECOMPILE_PREFIX_HEADER = YES;
				GCC_PREFIX_HEADER = "Test/CircularProgressViewTest-Prefix.pch";
				INFOPLIST_FILE = "Test/CircularProgressViewTest-Info.plist";
				PRODUCT_NAME = CircularProgressViewTest;
				PROVISIONING_PROFILE = "";
				WRAPPER_EXTENSION = app;
			};
			name = Debug;
		};
		F596E65318A80D5B00EB2555 /* Release */ = {
			isa = XCBuildConfiguration;
			buildSettings = {
				ASSETCATALOG_COMPILER_APPICON_NAME = AppIcon;
				ASSETCATALOG_COMPILER_LAUNCHIMAGE_NAME = LaunchImage;
				CODE_SIGN_IDENTITY = "iPhone Developer";
				"CODE_SIGN_IDENTITY[sdk=iphoneos*]" = "iPhone Developer";
				GCC_PRECOMPILE_PREFIX_HEADER = YES;
				GCC_PREFIX_HEADER = "Test/CircularProgressViewTest-Prefix.pch";
				INFOPLIST_FILE = "Test/CircularProgressViewTest-Info.plist";
				PRODUCT_NAME = CircularProgressViewTest;
				PROVISIONING_PROFILE = "";
				WRAPPER_EXTENSION = app;
			};
			name = Release;
		};
/* End XCBuildConfiguration section */

/* Begin XCConfigurationList section */
		F596E61718A80D5B00EB2555 /* Build configuration list for PBXProject "CircularProgressViewTest" */ = {
			isa = XCConfigurationList;
			buildConfigurations = (
				F596E64F18A80D5B00EB2555 /* Debug */,
				F596E65018A80D5B00EB2555 /* Release */,
			);
			defaultConfigurationIsVisible = 0;
			defaultConfigurationName = Release;
		};
		F596E65118A80D5B00EB2555 /* Build configuration list for PBXNativeTarget "CircularProgressViewTest" */ = {
			isa = XCConfigurationList;
			buildConfigurations = (
				F596E65218A80D5B00EB2555 /* Debug */,
				F596E65318A80D5B00EB2555 /* Release */,
			);
			defaultConfigurationIsVisible = 0;
			defaultConfigurationName = Release;
		};
/* End XCConfigurationList section */
	};
	rootObject = F596E61418A80D5B00EB2555 /* Project object */;
}
